
Microsoft Visual Studio Solution File, Format Version 12.00
# Visual Studio Version 16
VisualStudioVersion = 16.0.33927.289
MinimumVisualStudioVersion = 10.0.40219.1
Project("{F184B08F-C81C-45F6-A57F-5ABD9991F28F}") = "OOP-Project-Health Symptom Analysis", "OOP-Project-Health Symptom Analysis.vbproj", "{8BA2647E-0CFF-41E8-B898-53BA3F1CFE74}"
EndProject
Global
	GlobalSection(SolutionConfigurationPlatforms) = preSolution
		Debug|Any CPU = Debug|Any CPU
		Release|Any CPU = Release|Any CPU
	EndGlobalSection
	GlobalSection(ProjectConfigurationPlatforms) = postSolution
		{8BA2647E-0CFF-41E8-B898-53BA3F1CFE74}.Debug|Any CPU.ActiveCfg = Debug|Any CPU
		{8BA2647E-0CFF-41E8-B898-53BA3F1CFE74}.Debug|Any CPU.Build.0 = Debug|Any CPU
		{8BA2647E-0CFF-41E8-B898-53BA3F1CFE74}.Release|Any CPU.ActiveCfg = Release|Any CPU
		{8BA2647E-0CFF-41E8-B898-53BA3F1CFE74}.Release|Any CPU.Build.0 = Release|Any CPU
	EndGlobalSection
	GlobalSection(SolutionProperties) = preSolution
		HideSolutionNode = FALSE
	EndGlobalSection
	GlobalSection(ExtensibilityGlobals) = postSolution
		SolutionGuid = {2E564DAB-D358-4FF8-A672-576DB94CB90A}
	EndGlobalSection
EndGlobal
